
Microsoft Visual Studio Solution File, Format Version 12.00
# Visual Studio Version 16
VisualStudioVersion = 16.0.30406.217
MinimumVisualStudioVersion = 10.0.40219.1
Project("{FAE04EC0-301F-11D3-BF4B-00C04F79EFBC}") = "Broadcast Software", "Broadcast Software.csproj", "{09573693-459C-455C-9F48-FEBB6BD0E449}"
EndProject
Global
	GlobalSection(SolutionConfigurationPlatforms) = preSolution
		Debug|Any CPU = Debug|Any CPU
		Release|Any CPU = Release|Any CPU
	EndGlobalSection
	GlobalSection(ProjectConfigurationPlatforms) = postSolution
		{09573693-459C-455C-9F48-FEBB6BD0E449}.Debug|Any CPU.ActiveCfg = Debug|Any CPU
		{09573693-459C-455C-9F48-FEBB6BD0E449}.Debug|Any CPU.Build.0 = Debug|Any CPU
		{09573693-459C-455C-9F48-FEBB6BD0E449}.Release|Any CPU.ActiveCfg = Release|Any CPU
		{09573693-459C-455C-9F48-FEBB6BD0E449}.Release|Any CPU.Build.0 = Release|Any CPU
	EndGlobalSection
	GlobalSection(SolutionProperties) = preSolution
		HideSolutionNode = FALSE
	EndGlobalSection
	GlobalSection(ExtensibilityGlobals) = postSolution
		SolutionGuid = {7C1C50A9-A86A-401C-80A1-B8457EAE25B4}
	EndGlobalSection
EndGlobal
